
Microsoft Visual Studio Solution File, Format Version 12.00
# Visual Studio Version 17
VisualStudioVersion = 17.5.33530.505
MinimumVisualStudioVersion = 10.0.40219.1
Project("{FAE04EC0-301F-11D3-BF4B-00C04F79EFBC}") = "BookHavenWeb", "BookHavenWeb\BookHavenWeb.csproj", "{DDDDC378-044D-4CF7-AC26-98EAB19F67B7}"
EndProject
Global
	GlobalSection(SolutionConfigurationPlatforms) = preSolution
		Debug|Any CPU = Debug|Any CPU
		Release|Any CPU = Release|Any CPU
	EndGlobalSection
	GlobalSection(ProjectConfigurationPlatforms) = postSolution
		{DDDDC378-044D-4CF7-AC26-98EAB19F67B7}.Debug|Any CPU.ActiveCfg = Debug|Any CPU
		{DDDDC378-044D-4CF7-AC26-98EAB19F67B7}.Debug|Any CPU.Build.0 = Debug|Any CPU
		{DDDDC378-044D-4CF7-AC26-98EAB19F67B7}.Release|Any CPU.ActiveCfg = Release|Any CPU
		{DDDDC378-044D-4CF7-AC26-98EAB19F67B7}.Release|Any CPU.Build.0 = Release|Any CPU
	EndGlobalSection
	GlobalSection(SolutionProperties) = preSolution
		HideSolutionNode = FALSE
	EndGlobalSection
	GlobalSection(ExtensibilityGlobals) = postSolution
		SolutionGuid = {3F0083B6-02AA-442A-AF24-8131F1CAF0DC}
	EndGlobalSection
EndGlobal
